
Microsoft Visual Studio Solution File, Format Version 12.00
# Visual Studio Version 16
VisualStudioVersion = 16.0.28803.352
MinimumVisualStudioVersion = 10.0.40219.1
Project("{FAE04EC0-301F-11D3-BF4B-00C04F79EFBC}") = "Key-Value_Store", "Key-Value_Store\Key-Value_Store.csproj", "{6C21FCCB-D2A8-4880-A309-6F73B3F81F87}"
EndProject
Project("{FAE04EC0-301F-11D3-BF4B-00C04F79EFBC}") = "Generics", "Generics\Generics.csproj", "{1BD76785-B35A-40F5-AAAC-AB5A4A201A2F}"
EndProject
Global
	GlobalSection(SolutionConfigurationPlatforms) = preSolution
		Debug|Any CPU = Debug|Any CPU
		Release|Any CPU = Release|Any CPU
	EndGlobalSection
	GlobalSection(ProjectConfigurationPlatforms) = postSolution
		{6C21FCCB-D2A8-4880-A309-6F73B3F81F87}.Debug|Any CPU.ActiveCfg = Debug|Any CPU
		{6C21FCCB-D2A8-4880-A309-6F73B3F81F87}.Debug|Any CPU.Build.0 = Debug|Any CPU
		{6C21FCCB-D2A8-4880-A309-6F73B3F81F87}.Release|Any CPU.ActiveCfg = Release|Any CPU
		{6C21FCCB-D2A8-4880-A309-6F73B3F81F87}.Release|Any CPU.Build.0 = Release|Any CPU
		{1BD76785-B35A-40F5-AAAC-AB5A4A201A2F}.Debug|Any CPU.ActiveCfg = Debug|Any CPU
		{1BD76785-B35A-40F5-AAAC-AB5A4A201A2F}.Debug|Any CPU.Build.0 = Debug|Any CPU
		{1BD76785-B35A-40F5-AAAC-AB5A4A201A2F}.Release|Any CPU.ActiveCfg = Release|Any CPU
		{1BD76785-B35A-40F5-AAAC-AB5A4A201A2F}.Release|Any CPU.Build.0 = Release|Any CPU
	EndGlobalSection
	GlobalSection(SolutionProperties) = preSolution
		HideSolutionNode = FALSE
	EndGlobalSection
	GlobalSection(ExtensibilityGlobals) = postSolution
		SolutionGuid = {E38504CB-C6B1-4D7D-BC3E-9C2E54D73338}
	EndGlobalSection
EndGlobal
